# This file was autogenerated by Stack.
# You should not edit this file by hand.
# For more information, please see the documentation at:
#   https://docs.haskellstack.org/en/stable/lock_files

packages:
- completed:
    hackage: unfoldable-0.9.6@sha256:8b90f8e957fa3308c65733b1085272f188063d858f12da023e475d2922433d23,1831
    pantry-tree:
      size: 696
      sha256: 123b485195c2962fb07b2eb32f3b557c58a8c541b95008b447015caa38aeeb9c
  original:
    hackage: unfoldable-0.9.6
- completed:
    hackage: QuickCheck-2.12.6.1@sha256:ce974f511174fbc3102bccb13d6d45781d327194f0311790b9f8db6a7cb1bab3,6336
    pantry-tree:
      size: 2046
      sha256: 1b9bf780a91762f07a63698d656234de0b68f5c8de760cc90153c01888730eb5
  original:
    hackage: QuickCheck-2.12.6.1
- completed:
    hackage: emailaddress-0.2.0.0@sha256:2c6c10bca535ab6ffff8508f0862a1a729bd7b575b9f1b9f903624da7d1dc0fd,1754
    pantry-tree:
      size: 451
      sha256: 606a6d8718a195de41fbbf8da8ee67fd327ffd9ca175a1782eb2a33d24d1d293
  original:
    hackage: emailaddress-0.2.0.0
snapshots:
- completed:
    size: 524130
    url: https://raw.githubusercontent.com/commercialhaskell/stackage-snapshots/master/lts/14/10.yaml
    sha256: 04841e0397d7ce6364f19359fce89aa45ca8684609d665845db80d398002baa9
  original: lts-14.10
